
Microsoft Visual Studio Solution File, Format Version 12.00
# Visual Studio Version 17
VisualStudioVersion = 17.2.32616.157
MinimumVisualStudioVersion = 10.0.40219.1
Project("{FAE04EC0-301F-11D3-BF4B-00C04F79EFBC}") = "DoveShampoo", "DoveShampoo.csproj", "{DE671A9D-B83C-488A-BB0A-E3FC76CA28AA}"
EndProject
Global
	GlobalSection(SolutionConfigurationPlatforms) = preSolution
		Debug|Any CPU = Debug|Any CPU
		Release|Any CPU = Release|Any CPU
	EndGlobalSection
	GlobalSection(ProjectConfigurationPlatforms) = postSolution
		{DE671A9D-B83C-488A-BB0A-E3FC76CA28AA}.Debug|Any CPU.ActiveCfg = Debug|Any CPU
		{DE671A9D-B83C-488A-BB0A-E3FC76CA28AA}.Debug|Any CPU.Build.0 = Debug|Any CPU
		{DE671A9D-B83C-488A-BB0A-E3FC76CA28AA}.Release|Any CPU.ActiveCfg = Release|Any CPU
		{DE671A9D-B83C-488A-BB0A-E3FC76CA28AA}.Release|Any CPU.Build.0 = Release|Any CPU
	EndGlobalSection
	GlobalSection(SolutionProperties) = preSolution
		HideSolutionNode = FALSE
	EndGlobalSection
	GlobalSection(ExtensibilityGlobals) = postSolution
		SolutionGuid = {C45150DE-04E9-4968-AD04-9A8DE8FFF73F}
	EndGlobalSection
EndGlobal
